
Microsoft Visual Studio Solution File, Format Version 12.00
# Visual Studio Version 16
VisualStudioVersion = 16.0.30114.105
MinimumVisualStudioVersion = 10.0.40219.1
Project("{FAE04EC0-301F-11D3-BF4B-00C04F79EFBC}") = "GameManager.Server", "GameManager.Server\GameManager.Server.csproj", "{DDFE6A34-9E74-4AC5-B293-589B1FF29499}"
EndProject
Project("{FAE04EC0-301F-11D3-BF4B-00C04F79EFBC}") = "GameManager.Tests", "GameManager.Tests\GameManager.Tests.csproj", "{88F67124-D87A-4914-8719-9026F4F838D3}"
EndProject
Project("{FAE04EC0-301F-11D3-BF4B-00C04F79EFBC}") = "GameManager.Domain", "GameManager.Domain\GameManager.Domain.csproj", "{B46216E0-C98D-4041-A4C4-C8254432BAC7}"
EndProject
Project("{FAE04EC0-301F-11D3-BF4B-00C04F79EFBC}") = "GameManager.Application", "GameManager.Application\GameManager.Application.csproj", "{0431AE2D-CA3E-42F8-909A-C88344171263}"
EndProject
Project("{FAE04EC0-301F-11D3-BF4B-00C04F79EFBC}") = "GameManager.Persistence.Sqlite", "GameManager.Persistence.Sqlite\GameManager.Persistence.Sqlite.csproj", "{0961D8FE-DF23-49D3-A58B-E513D138DBA8}"
EndProject
Project("{2150E333-8FDC-42A3-9474-1A3956D46DE8}") = "Core", "Core", "{C491EEEB-E73A-493F-8E05-E02B62A7E6AF}"
EndProject
Project("{2150E333-8FDC-42A3-9474-1A3956D46DE8}") = "API", "API", "{5BEE36E9-C258-4C79-A72D-C5D7F082472E}"
EndProject
Project("{2150E333-8FDC-42A3-9474-1A3956D46DE8}") = "Infrastructure", "Infrastructure", "{DE929259-20B9-414A-9A35-A915E5E37E4F}"
EndProject
Global
	GlobalSection(SolutionConfigurationPlatforms) = preSolution
		Debug|Any CPU = Debug|Any CPU
		Release|Any CPU = Release|Any CPU
	EndGlobalSection
	GlobalSection(SolutionProperties) = preSolution
		HideSolutionNode = FALSE
	EndGlobalSection
	GlobalSection(ProjectConfigurationPlatforms) = postSolution
		{DDFE6A34-9E74-4AC5-B293-589B1FF29499}.Debug|Any CPU.ActiveCfg = Debug|Any CPU
		{DDFE6A34-9E74-4AC5-B293-589B1FF29499}.Debug|Any CPU.Build.0 = Debug|Any CPU
		{DDFE6A34-9E74-4AC5-B293-589B1FF29499}.Release|Any CPU.ActiveCfg = Release|Any CPU
		{DDFE6A34-9E74-4AC5-B293-589B1FF29499}.Release|Any CPU.Build.0 = Release|Any CPU
		{88F67124-D87A-4914-8719-9026F4F838D3}.Debug|Any CPU.ActiveCfg = Debug|Any CPU
		{88F67124-D87A-4914-8719-9026F4F838D3}.Debug|Any CPU.Build.0 = Debug|Any CPU
		{88F67124-D87A-4914-8719-9026F4F838D3}.Release|Any CPU.ActiveCfg = Release|Any CPU
		{88F67124-D87A-4914-8719-9026F4F838D3}.Release|Any CPU.Build.0 = Release|Any CPU
		{B46216E0-C98D-4041-A4C4-C8254432BAC7}.Debug|Any CPU.ActiveCfg = Debug|Any CPU
		{B46216E0-C98D-4041-A4C4-C8254432BAC7}.Debug|Any CPU.Build.0 = Debug|Any CPU
		{B46216E0-C98D-4041-A4C4-C8254432BAC7}.Release|Any CPU.ActiveCfg = Release|Any CPU
		{B46216E0-C98D-4041-A4C4-C8254432BAC7}.Release|Any CPU.Build.0 = Release|Any CPU
		{0431AE2D-CA3E-42F8-909A-C88344171263}.Debug|Any CPU.ActiveCfg = Debug|Any CPU
		{0431AE2D-CA3E-42F8-909A-C88344171263}.Debug|Any CPU.Build.0 = Debug|Any CPU
		{0431AE2D-CA3E-42F8-909A-C88344171263}.Release|Any CPU.ActiveCfg = Release|Any CPU
		{0431AE2D-CA3E-42F8-909A-C88344171263}.Release|Any CPU.Build.0 = Release|Any CPU
		{0961D8FE-DF23-49D3-A58B-E513D138DBA8}.Debug|Any CPU.ActiveCfg = Debug|Any CPU
		{0961D8FE-DF23-49D3-A58B-E513D138DBA8}.Debug|Any CPU.Build.0 = Debug|Any CPU
		{0961D8FE-DF23-49D3-A58B-E513D138DBA8}.Release|Any CPU.ActiveCfg = Release|Any CPU
		{0961D8FE-DF23-49D3-A58B-E513D138DBA8}.Release|Any CPU.Build.0 = Release|Any CPU
	EndGlobalSection
	GlobalSection(NestedProjects) = preSolution
		{0431AE2D-CA3E-42F8-909A-C88344171263} = {C491EEEB-E73A-493F-8E05-E02B62A7E6AF}
		{B46216E0-C98D-4041-A4C4-C8254432BAC7} = {C491EEEB-E73A-493F-8E05-E02B62A7E6AF}
		{0961D8FE-DF23-49D3-A58B-E513D138DBA8} = {DE929259-20B9-414A-9A35-A915E5E37E4F}
		{DDFE6A34-9E74-4AC5-B293-589B1FF29499} = {5BEE36E9-C258-4C79-A72D-C5D7F082472E}
	EndGlobalSection
EndGlobal
